
Microsoft Visual Studio Solution File, Format Version 12.00
# Visual Studio Version 17
VisualStudioVersion = 17.8.34309.116
MinimumVisualStudioVersion = 10.0.40219.1
Project("{9A19103F-16F7-4668-BE54-9A1E7A4F7556}") = "EjercicioPOO-BDD", "EjercicioPOO-BDD\EjercicioPOO-BDD.csproj", "{9E85445C-F40A-4B8A-A460-3D9839945323}"
EndProject
Global
	GlobalSection(SolutionConfigurationPlatforms) = preSolution
		Debug|Any CPU = Debug|Any CPU
		Release|Any CPU = Release|Any CPU
	EndGlobalSection
	GlobalSection(ProjectConfigurationPlatforms) = postSolution
		{9E85445C-F40A-4B8A-A460-3D9839945323}.Debug|Any CPU.ActiveCfg = Debug|Any CPU
		{9E85445C-F40A-4B8A-A460-3D9839945323}.Debug|Any CPU.Build.0 = Debug|Any CPU
		{9E85445C-F40A-4B8A-A460-3D9839945323}.Release|Any CPU.ActiveCfg = Release|Any CPU
		{9E85445C-F40A-4B8A-A460-3D9839945323}.Release|Any CPU.Build.0 = Release|Any CPU
	EndGlobalSection
	GlobalSection(SolutionProperties) = preSolution
		HideSolutionNode = FALSE
	EndGlobalSection
	GlobalSection(ExtensibilityGlobals) = postSolution
		SolutionGuid = {F86BBFBB-0C3C-4C91-8DF7-04EAAE7AE6EF}
	EndGlobalSection
EndGlobal
