
Microsoft Visual Studio Solution File, Format Version 12.00
# Visual Studio Version 17
VisualStudioVersion = 17.8.34309.116
MinimumVisualStudioVersion = 10.0.40219.1
Project("{FAE04EC0-301F-11D3-BF4B-00C04F79EFBC}") = "EjercicioPOO+BDD", "EjercicioPOO+BDD\EjercicioPOO+BDD.csproj", "{F433FB1A-2D19-4F59-949B-D105743666AF}"
EndProject
Global
	GlobalSection(SolutionConfigurationPlatforms) = preSolution
		Debug|Any CPU = Debug|Any CPU
		Release|Any CPU = Release|Any CPU
	EndGlobalSection
	GlobalSection(ProjectConfigurationPlatforms) = postSolution
		{F433FB1A-2D19-4F59-949B-D105743666AF}.Debug|Any CPU.ActiveCfg = Debug|Any CPU
		{F433FB1A-2D19-4F59-949B-D105743666AF}.Debug|Any CPU.Build.0 = Debug|Any CPU
		{F433FB1A-2D19-4F59-949B-D105743666AF}.Release|Any CPU.ActiveCfg = Release|Any CPU
		{F433FB1A-2D19-4F59-949B-D105743666AF}.Release|Any CPU.Build.0 = Release|Any CPU
	EndGlobalSection
	GlobalSection(SolutionProperties) = preSolution
		HideSolutionNode = FALSE
	EndGlobalSection
	GlobalSection(ExtensibilityGlobals) = postSolution
		SolutionGuid = {F86BBFBB-0C3C-4C91-8DF7-04EAAE7AE6EF}
	EndGlobalSection
EndGlobal
